{
	"name": "@escad/parameters",
	"version": "0.0.0",
	"lockfileVersion": 1,
	"requires": true,
	"dependencies": {
		"enga": {
			"version": "1.0.1",
			"resolved": "https://registry.npmjs.org/enga/-/enga-1.0.1.tgz",
			"integrity": "sha512-CoSlB0AQxEC+UYYV39z0hnK6N1hLdyylePXS8MP9KOutWu2fADTajYkXx9EbT+OheGet3S1jCqJvSQbShp6TYQ=="
		},
		"tszer": {
			"version": "0.0.9",
			"resolved": "https://registry.npmjs.org/tszer/-/tszer-0.0.9.tgz",
			"integrity": "sha512-wP3l3cd+LJtOgp0w6gGJkEQ+JmDao7WsNKxh7tMYoZsKq0BhG5MvEPlm16w3sNjCjnlyYFU7bKDQyie/bxmMug==",
			"requires": {
				"enga": "^1.0.1"
			}
		},
		"typescript": {
			"version": "3.9.3",
			"resolved": "https://registry.npmjs.org/typescript/-/typescript-3.9.3.tgz",
			"integrity": "sha512-D/wqnB2xzNFIcoBG9FG8cXRDjiqSTbG2wd8DMZeQyJlP1vfTkIxH4GKveWaEBYySKIg+USu+E+EDIR47SqnaMQ==",
			"dev": true
		}
	}
}
