{
	"name": "@escad/parameters",
	"version": "0.0.0",
	"lockfileVersion": 1,
	"requires": true,
	"dependencies": {
		"enga": {
			"version": "1.0.1",
			"resolved": "https://registry.npmjs.org/enga/-/enga-1.0.1.tgz",
			"integrity": "sha512-CoSlB0AQxEC+UYYV39z0hnK6N1hLdyylePXS8MP9KOutWu2fADTajYkXx9EbT+OheGet3S1jCqJvSQbShp6TYQ=="
		},
		"tszer": {
			"version": "0.0.12",
			"resolved": "https://registry.npmjs.org/tszer/-/tszer-0.0.12.tgz",
			"integrity": "sha512-4k/tVJMtlWra3j0tqZ9tEnJ5jm5mckvUs0ZxIgtdsxyaqgTJOeGI4G6ljsJV4g91NnQ7t3P8cl9Irq7aOB4vzA==",
			"requires": {
				"enga": "^1.0.1"
			}
		},
		"typescript": {
			"version": "3.9.5",
			"resolved": "https://registry.npmjs.org/typescript/-/typescript-3.9.5.tgz",
			"integrity": "sha512-hSAifV3k+i6lEoCJ2k6R2Z/rp/H3+8sdmcn5NrS3/3kE7+RyZXm9aqvxWqjEXHAd8b0pShatpcdMTvEdvAJltQ==",
			"dev": true
		}
	}
}
