{
	"name": "@escad/transform",
	"version": "0.0.0",
	"lockfileVersion": 1,
	"requires": true,
	"dependencies": {
		"tszer": {
			"version": "0.0.7",
			"resolved": "https://registry.npmjs.org/tszer/-/tszer-0.0.7.tgz",
			"integrity": "sha512-MWX9UJNpJMIA6+Xu2bsCCx3PmT3No/z2tvFu/8jp1luHnmodYqL2g9UUnOa303OC7LRxojmeYtVM8OiQHciiag=="
		},
		"typescript": {
			"version": "3.9.3",
			"resolved": "https://registry.npmjs.org/typescript/-/typescript-3.9.3.tgz",
			"integrity": "sha512-D/wqnB2xzNFIcoBG9FG8cXRDjiqSTbG2wd8DMZeQyJlP1vfTkIxH4GKveWaEBYySKIg+USu+E+EDIR47SqnaMQ==",
			"dev": true
		}
	}
}
