{
  "name": "@escad/cli",
  "version": "0.0.0",
  "lockfileVersion": 1,
  "requires": true,
  "dependencies": {
    "typescript": {
      "version": "4.1.0-dev.20201015",
      "resolved": "https://registry.npmjs.org/typescript/-/typescript-4.1.0-dev.20201015.tgz",
      "integrity": "sha512-HxuxG+/jnKqvcMfn3UU/XLmMPuGY9CToCWVDidksDpm2XIB4ySjBH6bduGPpgR8/BkaQoSv8cycFy7Ql9t9SXA==",
      "dev": true
    }
  }
}
