{
  "name": "@escad/renderer",
  "version": "0.0.0",
  "lockfileVersion": 1,
  "requires": true,
  "dependencies": {
    "@types/node": {
      "version": "12.12.44",
      "resolved": "https://registry.npmjs.org/@types/node/-/node-12.12.44.tgz",
      "integrity": "sha512-jM6QVv0Sm5d3nW+nUD5jSzPcO6oPqboitSNcwgBay9hifVq/Rauq1PYnROnsmuw45JMBiTnsPAno0bKu2e2xrg=="
    },
    "tsargs": {
      "version": "1.4.0",
      "resolved": "https://registry.npmjs.org/tsargs/-/tsargs-1.4.0.tgz",
      "integrity": "sha512-ml6SzWtY/fg1TUiQ33ingoUQXW16moiX07nOxF/v7I1ngMUzxb0Ii1rQ1nUh3noAyPQxrYIb0GLWDjImTJ9D2Q=="
    },
    "tsee": {
      "version": "1.3.0",
      "resolved": "https://registry.npmjs.org/tsee/-/tsee-1.3.0.tgz",
      "integrity": "sha512-GgslWDOWe+6m2n2yV456NH2QVHHpnZOAjIZZ5/o5olvK3NkGjYX/59/7+Ool+nNKFIiWy3mTBL5pyKv3dy5bLQ==",
      "requires": {
        "@types/node": "^12.7.2",
        "tsargs": "^1.4.0"
      }
    },
    "tszer": {
      "version": "0.0.18",
      "resolved": "https://registry.npmjs.org/tszer/-/tszer-0.0.18.tgz",
      "integrity": "sha512-C4vPmmA1/qJq9IeGkwtKy7iwlqhYvO9Za0tUGiQ+QW8MgqJZRE9yrbRI5ue3BTt8w0+GThTBLHZWdi+z6AWmmw=="
    },
    "typescript": {
      "version": "3.9.5",
      "resolved": "https://registry.npmjs.org/typescript/-/typescript-3.9.5.tgz",
      "integrity": "sha512-hSAifV3k+i6lEoCJ2k6R2Z/rp/H3+8sdmcn5NrS3/3kE7+RyZXm9aqvxWqjEXHAd8b0pShatpcdMTvEdvAJltQ==",
      "dev": true
    }
  }
}
