{
  "name": "@escad/renderer",
  "version": "0.0.0",
  "lockfileVersion": 1,
  "requires": true,
  "dependencies": {
    "@types/node": {
      "version": "12.12.44",
      "resolved": "https://registry.npmjs.org/@types/node/-/node-12.12.44.tgz",
      "integrity": "sha512-jM6QVv0Sm5d3nW+nUD5jSzPcO6oPqboitSNcwgBay9hifVq/Rauq1PYnROnsmuw45JMBiTnsPAno0bKu2e2xrg=="
    },
    "enga": {
      "version": "1.0.1",
      "resolved": "https://registry.npmjs.org/enga/-/enga-1.0.1.tgz",
      "integrity": "sha512-CoSlB0AQxEC+UYYV39z0hnK6N1hLdyylePXS8MP9KOutWu2fADTajYkXx9EbT+OheGet3S1jCqJvSQbShp6TYQ=="
    },
    "tsargs": {
      "version": "1.4.0",
      "resolved": "https://registry.npmjs.org/tsargs/-/tsargs-1.4.0.tgz",
      "integrity": "sha512-ml6SzWtY/fg1TUiQ33ingoUQXW16moiX07nOxF/v7I1ngMUzxb0Ii1rQ1nUh3noAyPQxrYIb0GLWDjImTJ9D2Q=="
    },
    "tsee": {
      "version": "1.3.0",
      "resolved": "https://registry.npmjs.org/tsee/-/tsee-1.3.0.tgz",
      "integrity": "sha512-GgslWDOWe+6m2n2yV456NH2QVHHpnZOAjIZZ5/o5olvK3NkGjYX/59/7+Ool+nNKFIiWy3mTBL5pyKv3dy5bLQ==",
      "requires": {
        "@types/node": "^12.7.2",
        "tsargs": "^1.4.0"
      }
    },
    "tszer": {
      "version": "0.0.17",
      "resolved": "https://registry.npmjs.org/tszer/-/tszer-0.0.17.tgz",
      "integrity": "sha512-uNZRPDeQc42JTevFbu4B6ECD4hwDnXXchdGj2iQan1gZr5jmHPgo8cPdyldzNZz++rENXf+m3mnWI/vS2xCkdw==",
      "requires": {
        "enga": "^1.0.1"
      }
    },
    "typescript": {
      "version": "3.9.5",
      "resolved": "https://registry.npmjs.org/typescript/-/typescript-3.9.5.tgz",
      "integrity": "sha512-hSAifV3k+i6lEoCJ2k6R2Z/rp/H3+8sdmcn5NrS3/3kE7+RyZXm9aqvxWqjEXHAd8b0pShatpcdMTvEdvAJltQ==",
      "dev": true
    }
  }
}
