{
	"name": "@escad/csg",
	"version": "0.0.0",
	"lockfileVersion": 1,
	"requires": true,
	"dependencies": {
		"csg": {
			"version": "1.0.1",
			"resolved": "https://registry.npmjs.org/csg/-/csg-1.0.1.tgz",
			"integrity": "sha1-L8FViDIr6xKZKZ/6QBkGT4Fu1U8="
		},
		"typescript": {
			"version": "3.9.3",
			"resolved": "https://registry.npmjs.org/typescript/-/typescript-3.9.3.tgz",
			"integrity": "sha512-D/wqnB2xzNFIcoBG9FG8cXRDjiqSTbG2wd8DMZeQyJlP1vfTkIxH4GKveWaEBYySKIg+USu+E+EDIR47SqnaMQ==",
			"dev": true
		}
	}
}
